
Microsoft Visual Studio Solution File, Format Version 12.00
# Visual Studio Version 17
VisualStudioVersion = 17.13.35828.75
MinimumVisualStudioVersion = 10.0.40219.1
Project("{2150E333-8FDC-42A3-9474-1A3956D46DE8}") = "Solution Items", "Solution Items", "{8EC462FD-D22E-90A8-E5CE-7E832BA40C5D}"
	ProjectSection(SolutionItems) = preProject
		Directory.Build.props = Directory.Build.props
		Directory.Packages.props = Directory.Packages.props
	EndProjectSection
EndProject
Project("{2150E333-8FDC-42A3-9474-1A3956D46DE8}") = "Services", "Services", "{02EA681E-C7D8-13C7-8484-4AC65E1B71E8}"
EndProject
Project("{FAE04EC0-301F-11D3-BF4B-00C04F79EFBC}") = "Catalog.Api", "Services\Catalog\Catalog.Api\Catalog.Api.csproj", "{94EE3EFA-DE6F-41CC-A75D-E64EDA6C5EB0}"
EndProject
Project("{2150E333-8FDC-42A3-9474-1A3956D46DE8}") = "Catalog", "Catalog", "{5F7E98AF-330B-41E2-888D-35D94C0514A0}"
EndProject
Project("{2150E333-8FDC-42A3-9474-1A3956D46DE8}") = "Shared", "Shared", "{BAF239D5-85E5-430B-9D20-C6F7A0F54EF6}"
EndProject
Project("{E53339B2-1760-4266-BCC7-CA923CBCF16C}") = "docker-compose", "docker-compose.dcproj", "{81DDED9D-158B-E303-5F62-77A2896D2A5A}"
EndProject
Project("{FAE04EC0-301F-11D3-BF4B-00C04F79EFBC}") = "BuildingBlocks", "BuildingBlocks\BuildingBlocks\BuildingBlocks.csproj", "{6E7E435F-1589-DC76-9E72-AAA8CDEA1B17}"
EndProject
Project("{2150E333-8FDC-42A3-9474-1A3956D46DE8}") = "Basket", "Basket", "{72D1D76D-04BF-43A3-A964-84089C727818}"
EndProject
Project("{FAE04EC0-301F-11D3-BF4B-00C04F79EFBC}") = "Basket.API", "Services\Basket\Basket.API\Basket.API.csproj", "{6F97BB75-F02B-46F2-9688-B60D1509F245}"
EndProject
Project("{2150E333-8FDC-42A3-9474-1A3956D46DE8}") = "Discount", "Discount", "{A4C8F6E5-11D9-4F99-A24D-E2EAB1FFCD8E}"
EndProject
Project("{FAE04EC0-301F-11D3-BF4B-00C04F79EFBC}") = "Discount.Grpc", "Services\Discount\Discount.Grpc\Discount.Grpc.csproj", "{F4F54FFD-FA30-4B6F-BEF0-F1933AAF6065}"
EndProject
Global
	GlobalSection(SolutionConfigurationPlatforms) = preSolution
		Debug|Any CPU = Debug|Any CPU
		Release|Any CPU = Release|Any CPU
	EndGlobalSection
	GlobalSection(ProjectConfigurationPlatforms) = postSolution
		{94EE3EFA-DE6F-41CC-A75D-E64EDA6C5EB0}.Debug|Any CPU.ActiveCfg = Debug|Any CPU
		{94EE3EFA-DE6F-41CC-A75D-E64EDA6C5EB0}.Debug|Any CPU.Build.0 = Debug|Any CPU
		{94EE3EFA-DE6F-41CC-A75D-E64EDA6C5EB0}.Release|Any CPU.ActiveCfg = Release|Any CPU
		{94EE3EFA-DE6F-41CC-A75D-E64EDA6C5EB0}.Release|Any CPU.Build.0 = Release|Any CPU
		{81DDED9D-158B-E303-5F62-77A2896D2A5A}.Debug|Any CPU.ActiveCfg = Debug|Any CPU
		{81DDED9D-158B-E303-5F62-77A2896D2A5A}.Debug|Any CPU.Build.0 = Debug|Any CPU
		{81DDED9D-158B-E303-5F62-77A2896D2A5A}.Release|Any CPU.ActiveCfg = Release|Any CPU
		{81DDED9D-158B-E303-5F62-77A2896D2A5A}.Release|Any CPU.Build.0 = Release|Any CPU
		{6E7E435F-1589-DC76-9E72-AAA8CDEA1B17}.Debug|Any CPU.ActiveCfg = Debug|Any CPU
		{6E7E435F-1589-DC76-9E72-AAA8CDEA1B17}.Debug|Any CPU.Build.0 = Debug|Any CPU
		{6E7E435F-1589-DC76-9E72-AAA8CDEA1B17}.Release|Any CPU.ActiveCfg = Release|Any CPU
		{6E7E435F-1589-DC76-9E72-AAA8CDEA1B17}.Release|Any CPU.Build.0 = Release|Any CPU
		{6F97BB75-F02B-46F2-9688-B60D1509F245}.Debug|Any CPU.ActiveCfg = Debug|Any CPU
		{6F97BB75-F02B-46F2-9688-B60D1509F245}.Debug|Any CPU.Build.0 = Debug|Any CPU
		{6F97BB75-F02B-46F2-9688-B60D1509F245}.Release|Any CPU.ActiveCfg = Release|Any CPU
		{6F97BB75-F02B-46F2-9688-B60D1509F245}.Release|Any CPU.Build.0 = Release|Any CPU
		{F4F54FFD-FA30-4B6F-BEF0-F1933AAF6065}.Debug|Any CPU.ActiveCfg = Debug|Any CPU
		{F4F54FFD-FA30-4B6F-BEF0-F1933AAF6065}.Debug|Any CPU.Build.0 = Debug|Any CPU
		{F4F54FFD-FA30-4B6F-BEF0-F1933AAF6065}.Release|Any CPU.ActiveCfg = Release|Any CPU
		{F4F54FFD-FA30-4B6F-BEF0-F1933AAF6065}.Release|Any CPU.Build.0 = Release|Any CPU
	EndGlobalSection
	GlobalSection(SolutionProperties) = preSolution
		HideSolutionNode = FALSE
	EndGlobalSection
	GlobalSection(NestedProjects) = preSolution
		{94EE3EFA-DE6F-41CC-A75D-E64EDA6C5EB0} = {5F7E98AF-330B-41E2-888D-35D94C0514A0}
		{5F7E98AF-330B-41E2-888D-35D94C0514A0} = {02EA681E-C7D8-13C7-8484-4AC65E1B71E8}
		{6E7E435F-1589-DC76-9E72-AAA8CDEA1B17} = {BAF239D5-85E5-430B-9D20-C6F7A0F54EF6}
		{72D1D76D-04BF-43A3-A964-84089C727818} = {02EA681E-C7D8-13C7-8484-4AC65E1B71E8}
		{6F97BB75-F02B-46F2-9688-B60D1509F245} = {72D1D76D-04BF-43A3-A964-84089C727818}
		{A4C8F6E5-11D9-4F99-A24D-E2EAB1FFCD8E} = {02EA681E-C7D8-13C7-8484-4AC65E1B71E8}
		{F4F54FFD-FA30-4B6F-BEF0-F1933AAF6065} = {A4C8F6E5-11D9-4F99-A24D-E2EAB1FFCD8E}
	EndGlobalSection
	GlobalSection(ExtensibilityGlobals) = postSolution
		SolutionGuid = {16BB4FBD-5950-4353-A9E6-699920F46EC2}
	EndGlobalSection
EndGlobal
