
Microsoft Visual Studio Solution File, Format Version 12.00
# Visual Studio Version 17
VisualStudioVersion = 17.13.35828.75
MinimumVisualStudioVersion = 10.0.40219.1
Project("{2150E333-8FDC-42A3-9474-1A3956D46DE8}") = "Solution Items", "Solution Items", "{8EC462FD-D22E-90A8-E5CE-7E832BA40C5D}"
	ProjectSection(SolutionItems) = preProject
		Directory.Build.props = Directory.Build.props
		Directory.Packages.props = Directory.Packages.props
	EndProjectSection
EndProject
Project("{2150E333-8FDC-42A3-9474-1A3956D46DE8}") = "Services", "Services", "{02EA681E-C7D8-13C7-8484-4AC65E1B71E8}"
EndProject
Project("{FAE04EC0-301F-11D3-BF4B-00C04F79EFBC}") = "Catalog.Api", "Services\Catalog\Catalog.Api\Catalog.Api.csproj", "{94EE3EFA-DE6F-41CC-A75D-E64EDA6C5EB0}"
EndProject
Project("{2150E333-8FDC-42A3-9474-1A3956D46DE8}") = "Catalog", "Catalog", "{5F7E98AF-330B-41E2-888D-35D94C0514A0}"
EndProject
Project("{2150E333-8FDC-42A3-9474-1A3956D46DE8}") = "Shared", "Shared", "{BAF239D5-85E5-430B-9D20-C6F7A0F54EF6}"
EndProject
Project("{E53339B2-1760-4266-BCC7-CA923CBCF16C}") = "docker-compose", "docker-compose.dcproj", "{81DDED9D-158B-E303-5F62-77A2896D2A5A}"
EndProject
Project("{FAE04EC0-301F-11D3-BF4B-00C04F79EFBC}") = "BuildingBlocks", "BuildingBlocks\BuildingBlocks\BuildingBlocks.csproj", "{6E7E435F-1589-DC76-9E72-AAA8CDEA1B17}"
EndProject
Project("{2150E333-8FDC-42A3-9474-1A3956D46DE8}") = "Basket", "Basket", "{72D1D76D-04BF-43A3-A964-84089C727818}"
EndProject
Project("{FAE04EC0-301F-11D3-BF4B-00C04F79EFBC}") = "Basket.API", "Services\Basket\Basket.API\Basket.API.csproj", "{6F97BB75-F02B-46F2-9688-B60D1509F245}"
EndProject
Project("{2150E333-8FDC-42A3-9474-1A3956D46DE8}") = "Discount", "Discount", "{A4C8F6E5-11D9-4F99-A24D-E2EAB1FFCD8E}"
EndProject
Project("{FAE04EC0-301F-11D3-BF4B-00C04F79EFBC}") = "Discount.Grpc", "Services\Discount\Discount.Grpc\Discount.Grpc.csproj", "{F4F54FFD-FA30-4B6F-BEF0-F1933AAF6065}"
EndProject
Project("{2150E333-8FDC-42A3-9474-1A3956D46DE8}") = "Order", "Order", "{E9F6EF22-74EC-40CD-86CB-499DC1F684F3}"
EndProject
Project("{FAE04EC0-301F-11D3-BF4B-00C04F79EFBC}") = "Order.API", "Services\Order\Order.API\Order.API.csproj", "{1BDAC7BB-3B76-4647-AE16-BB8A59EFA94D}"
EndProject
Project("{FAE04EC0-301F-11D3-BF4B-00C04F79EFBC}") = "Order.Domain", "Services\Order\Order.Domain\Order.Domain.csproj", "{02683384-61C7-49B4-BB80-A391D562B5CB}"
EndProject
Project("{FAE04EC0-301F-11D3-BF4B-00C04F79EFBC}") = "Order.Application", "Services\Order\Order.Application\Order.Application.csproj", "{1FACB2A0-7294-4BA2-A95F-8898815D85EF}"
EndProject
Project("{FAE04EC0-301F-11D3-BF4B-00C04F79EFBC}") = "Order.Infrastructure", "Services\Order\Order.Infrastructure\Order.Infrastructure.csproj", "{5C6B0D85-1A8F-4F80-A3A8-76EC1945C0E9}"
EndProject
Project("{FAE04EC0-301F-11D3-BF4B-00C04F79EFBC}") = "DomainBlocks", "BuildingBlocks\DomainBlocks\DomainBlocks.csproj", "{EA5BA0D5-E2A9-454A-970B-BF66415FC794}"
EndProject
Project("{FAE04EC0-301F-11D3-BF4B-00C04F79EFBC}") = "BuildingBlocks.Messaging", "BuildingBlocks\BuildingBlocks.Messaging\BuildingBlocks.Messaging.csproj", "{9515B340-6ECF-4479-86C3-6F56574DC657}"
EndProject
Project("{2150E333-8FDC-42A3-9474-1A3956D46DE8}") = "BankCodes", "BankCodes", "{B1C0DFE9-5A43-4542-A686-32C33C5445BC}"
EndProject
Project("{FAE04EC0-301F-11D3-BF4B-00C04F79EFBC}") = "BankCode.API", "Services\BankCodes\BankCode.API\BankCode.API.csproj", "{59E31BCE-8798-40BD-B25E-458B8212C332}"
EndProject
Global
	GlobalSection(SolutionConfigurationPlatforms) = preSolution
		Debug|Any CPU = Debug|Any CPU
		Release|Any CPU = Release|Any CPU
	EndGlobalSection
	GlobalSection(ProjectConfigurationPlatforms) = postSolution
		{94EE3EFA-DE6F-41CC-A75D-E64EDA6C5EB0}.Debug|Any CPU.ActiveCfg = Debug|Any CPU
		{94EE3EFA-DE6F-41CC-A75D-E64EDA6C5EB0}.Debug|Any CPU.Build.0 = Debug|Any CPU
		{94EE3EFA-DE6F-41CC-A75D-E64EDA6C5EB0}.Release|Any CPU.ActiveCfg = Release|Any CPU
		{94EE3EFA-DE6F-41CC-A75D-E64EDA6C5EB0}.Release|Any CPU.Build.0 = Release|Any CPU
		{81DDED9D-158B-E303-5F62-77A2896D2A5A}.Debug|Any CPU.ActiveCfg = Debug|Any CPU
		{81DDED9D-158B-E303-5F62-77A2896D2A5A}.Debug|Any CPU.Build.0 = Debug|Any CPU
		{81DDED9D-158B-E303-5F62-77A2896D2A5A}.Release|Any CPU.ActiveCfg = Release|Any CPU
		{81DDED9D-158B-E303-5F62-77A2896D2A5A}.Release|Any CPU.Build.0 = Release|Any CPU
		{6E7E435F-1589-DC76-9E72-AAA8CDEA1B17}.Debug|Any CPU.ActiveCfg = Debug|Any CPU
		{6E7E435F-1589-DC76-9E72-AAA8CDEA1B17}.Debug|Any CPU.Build.0 = Debug|Any CPU
		{6E7E435F-1589-DC76-9E72-AAA8CDEA1B17}.Release|Any CPU.ActiveCfg = Release|Any CPU
		{6E7E435F-1589-DC76-9E72-AAA8CDEA1B17}.Release|Any CPU.Build.0 = Release|Any CPU
		{6F97BB75-F02B-46F2-9688-B60D1509F245}.Debug|Any CPU.ActiveCfg = Debug|Any CPU
		{6F97BB75-F02B-46F2-9688-B60D1509F245}.Debug|Any CPU.Build.0 = Debug|Any CPU
		{6F97BB75-F02B-46F2-9688-B60D1509F245}.Release|Any CPU.ActiveCfg = Release|Any CPU
		{6F97BB75-F02B-46F2-9688-B60D1509F245}.Release|Any CPU.Build.0 = Release|Any CPU
		{F4F54FFD-FA30-4B6F-BEF0-F1933AAF6065}.Debug|Any CPU.ActiveCfg = Debug|Any CPU
		{F4F54FFD-FA30-4B6F-BEF0-F1933AAF6065}.Debug|Any CPU.Build.0 = Debug|Any CPU
		{F4F54FFD-FA30-4B6F-BEF0-F1933AAF6065}.Release|Any CPU.ActiveCfg = Release|Any CPU
		{F4F54FFD-FA30-4B6F-BEF0-F1933AAF6065}.Release|Any CPU.Build.0 = Release|Any CPU
		{1BDAC7BB-3B76-4647-AE16-BB8A59EFA94D}.Debug|Any CPU.ActiveCfg = Debug|Any CPU
		{1BDAC7BB-3B76-4647-AE16-BB8A59EFA94D}.Debug|Any CPU.Build.0 = Debug|Any CPU
		{1BDAC7BB-3B76-4647-AE16-BB8A59EFA94D}.Release|Any CPU.ActiveCfg = Release|Any CPU
		{1BDAC7BB-3B76-4647-AE16-BB8A59EFA94D}.Release|Any CPU.Build.0 = Release|Any CPU
		{02683384-61C7-49B4-BB80-A391D562B5CB}.Debug|Any CPU.ActiveCfg = Debug|Any CPU
		{02683384-61C7-49B4-BB80-A391D562B5CB}.Debug|Any CPU.Build.0 = Debug|Any CPU
		{02683384-61C7-49B4-BB80-A391D562B5CB}.Release|Any CPU.ActiveCfg = Release|Any CPU
		{02683384-61C7-49B4-BB80-A391D562B5CB}.Release|Any CPU.Build.0 = Release|Any CPU
		{1FACB2A0-7294-4BA2-A95F-8898815D85EF}.Debug|Any CPU.ActiveCfg = Debug|Any CPU
		{1FACB2A0-7294-4BA2-A95F-8898815D85EF}.Debug|Any CPU.Build.0 = Debug|Any CPU
		{1FACB2A0-7294-4BA2-A95F-8898815D85EF}.Release|Any CPU.ActiveCfg = Release|Any CPU
		{1FACB2A0-7294-4BA2-A95F-8898815D85EF}.Release|Any CPU.Build.0 = Release|Any CPU
		{5C6B0D85-1A8F-4F80-A3A8-76EC1945C0E9}.Debug|Any CPU.ActiveCfg = Debug|Any CPU
		{5C6B0D85-1A8F-4F80-A3A8-76EC1945C0E9}.Debug|Any CPU.Build.0 = Debug|Any CPU
		{5C6B0D85-1A8F-4F80-A3A8-76EC1945C0E9}.Release|Any CPU.ActiveCfg = Release|Any CPU
		{5C6B0D85-1A8F-4F80-A3A8-76EC1945C0E9}.Release|Any CPU.Build.0 = Release|Any CPU
		{EA5BA0D5-E2A9-454A-970B-BF66415FC794}.Debug|Any CPU.ActiveCfg = Debug|Any CPU
		{EA5BA0D5-E2A9-454A-970B-BF66415FC794}.Debug|Any CPU.Build.0 = Debug|Any CPU
		{EA5BA0D5-E2A9-454A-970B-BF66415FC794}.Release|Any CPU.ActiveCfg = Release|Any CPU
		{EA5BA0D5-E2A9-454A-970B-BF66415FC794}.Release|Any CPU.Build.0 = Release|Any CPU
		{9515B340-6ECF-4479-86C3-6F56574DC657}.Debug|Any CPU.ActiveCfg = Debug|Any CPU
		{9515B340-6ECF-4479-86C3-6F56574DC657}.Debug|Any CPU.Build.0 = Debug|Any CPU
		{9515B340-6ECF-4479-86C3-6F56574DC657}.Release|Any CPU.ActiveCfg = Release|Any CPU
		{9515B340-6ECF-4479-86C3-6F56574DC657}.Release|Any CPU.Build.0 = Release|Any CPU
		{59E31BCE-8798-40BD-B25E-458B8212C332}.Debug|Any CPU.ActiveCfg = Debug|Any CPU
		{59E31BCE-8798-40BD-B25E-458B8212C332}.Debug|Any CPU.Build.0 = Debug|Any CPU
		{59E31BCE-8798-40BD-B25E-458B8212C332}.Release|Any CPU.ActiveCfg = Release|Any CPU
		{59E31BCE-8798-40BD-B25E-458B8212C332}.Release|Any CPU.Build.0 = Release|Any CPU
	EndGlobalSection
	GlobalSection(SolutionProperties) = preSolution
		HideSolutionNode = FALSE
	EndGlobalSection
	GlobalSection(NestedProjects) = preSolution
		{94EE3EFA-DE6F-41CC-A75D-E64EDA6C5EB0} = {5F7E98AF-330B-41E2-888D-35D94C0514A0}
		{5F7E98AF-330B-41E2-888D-35D94C0514A0} = {02EA681E-C7D8-13C7-8484-4AC65E1B71E8}
		{6E7E435F-1589-DC76-9E72-AAA8CDEA1B17} = {BAF239D5-85E5-430B-9D20-C6F7A0F54EF6}
		{72D1D76D-04BF-43A3-A964-84089C727818} = {02EA681E-C7D8-13C7-8484-4AC65E1B71E8}
		{6F97BB75-F02B-46F2-9688-B60D1509F245} = {72D1D76D-04BF-43A3-A964-84089C727818}
		{A4C8F6E5-11D9-4F99-A24D-E2EAB1FFCD8E} = {02EA681E-C7D8-13C7-8484-4AC65E1B71E8}
		{F4F54FFD-FA30-4B6F-BEF0-F1933AAF6065} = {A4C8F6E5-11D9-4F99-A24D-E2EAB1FFCD8E}
		{E9F6EF22-74EC-40CD-86CB-499DC1F684F3} = {02EA681E-C7D8-13C7-8484-4AC65E1B71E8}
		{1BDAC7BB-3B76-4647-AE16-BB8A59EFA94D} = {E9F6EF22-74EC-40CD-86CB-499DC1F684F3}
		{02683384-61C7-49B4-BB80-A391D562B5CB} = {E9F6EF22-74EC-40CD-86CB-499DC1F684F3}
		{1FACB2A0-7294-4BA2-A95F-8898815D85EF} = {E9F6EF22-74EC-40CD-86CB-499DC1F684F3}
		{5C6B0D85-1A8F-4F80-A3A8-76EC1945C0E9} = {E9F6EF22-74EC-40CD-86CB-499DC1F684F3}
		{EA5BA0D5-E2A9-454A-970B-BF66415FC794} = {BAF239D5-85E5-430B-9D20-C6F7A0F54EF6}
		{9515B340-6ECF-4479-86C3-6F56574DC657} = {BAF239D5-85E5-430B-9D20-C6F7A0F54EF6}
		{B1C0DFE9-5A43-4542-A686-32C33C5445BC} = {02EA681E-C7D8-13C7-8484-4AC65E1B71E8}
		{59E31BCE-8798-40BD-B25E-458B8212C332} = {B1C0DFE9-5A43-4542-A686-32C33C5445BC}
	EndGlobalSection
	GlobalSection(ExtensibilityGlobals) = postSolution
		SolutionGuid = {16BB4FBD-5950-4353-A9E6-699920F46EC2}
	EndGlobalSection
EndGlobal
